
Microsoft Visual Studio Solution File, Format Version 12.00
# Visual Studio Version 17
VisualStudioVersion = 17.13.35806.99 d17.13
MinimumVisualStudioVersion = 10.0.40219.1
Project("{2150E333-8FDC-42A3-9474-1A3956D46DE8}") = "src", "src", "{02EA681E-C7D8-13C7-8484-4AC65E1B71E8}"
EndProject
Project("{2150E333-8FDC-42A3-9474-1A3956D46DE8}") = "tests", "tests", "{1ED1A4A1-CB58-4749-8221-89D30299F6A0}"
EndProject
Project("{2150E333-8FDC-42A3-9474-1A3956D46DE8}") = "APIs", "APIs", "{227DAC2F-F21E-41B2-99E3-278C567AA9C0}"
EndProject
Project("{2150E333-8FDC-42A3-9474-1A3956D46DE8}") = "Core", "Core", "{4135DA36-964D-4375-A71B-3C3869D5C52F}"
EndProject
Project("{2150E333-8FDC-42A3-9474-1A3956D46DE8}") = "Infrastructure", "Infrastructure", "{B651221A-9485-45CB-8102-689E5BE4A82B}"
EndProject
Project("{2150E333-8FDC-42A3-9474-1A3956D46DE8}") = "UI", "UI", "{8E37FF57-76B1-4472-9EE5-0872A41FA5A1}"
EndProject
Project("{FAE04EC0-301F-11D3-BF4B-00C04F79EFBC}") = "HG.Ecommerce.Core", "HG.Ecommerce.Core\HG.Ecommerce.Core.csproj", "{74DF2829-3B51-49CA-B093-A2B8F45C8AD3}"
EndProject
Project("{FAE04EC0-301F-11D3-BF4B-00C04F79EFBC}") = "HG.Ecommerce.Application", "HG.Ecommerce.Application\HG.Ecommerce.Application.csproj", "{F85965EB-72F8-4757-83E5-5814D86EDFAD}"
EndProject
Project("{FAE04EC0-301F-11D3-BF4B-00C04F79EFBC}") = "HG.Ecommerce.Application.Abstraction", "HG.Ecommerce.Application.Abstraction\HG.Ecommerce.Application.Abstraction.csproj", "{B3B13CB2-768D-4A71-888C-5564CBF92474}"
EndProject
Project("{FAE04EC0-301F-11D3-BF4B-00C04F79EFBC}") = "HG.Ecommerce.Infrastruction", "HG.Ecommerce.Infrastruction\HG.Ecommerce.Infrastruction.csproj", "{11C6C693-266B-4E89-B559-93604182DA28}"
EndProject
Project("{FAE04EC0-301F-11D3-BF4B-00C04F79EFBC}") = "HG.Ecommerce.Infrastruction.Presistance", "HG.Ecommerce.Infrastruction.Presistance\HG.Ecommerce.Infrastruction.Presistance.csproj", "{A575C56B-275A-48AF-97A7-77876701D655}"
EndProject
Project("{FAE04EC0-301F-11D3-BF4B-00C04F79EFBC}") = "HG.Ecommerce.APIs", "HG.Ecommerce.APIs\HG.Ecommerce.APIs.csproj", "{A4E503C6-CD51-433D-A620-0EE0401B05D1}"
EndProject
Project("{FAE04EC0-301F-11D3-BF4B-00C04F79EFBC}") = "HG.Ecommerce.Presentation", "HG.Ecommerce.Presentation\HG.Ecommerce.Presentation.csproj", "{1628A86D-114E-4DDB-BF9D-3DC6DE7E4A5A}"
EndProject
Project("{2150E333-8FDC-42A3-9474-1A3956D46DE8}") = "Dashboard", "Dashboard", "{0412A0B9-CA1B-49C3-92D5-E11BEBA2A813}"
EndProject
Project("{2150E333-8FDC-42A3-9474-1A3956D46DE8}") = "Client", "Client", "{46CD586F-77AC-4F2A-A98F-BBADF836E63D}"
EndProject
Project("{2150E333-8FDC-42A3-9474-1A3956D46DE8}") = "Unit Test", "Unit Test", "{8F03964F-A8F4-4971-B9C1-6FB1AFB3E130}"
EndProject
Project("{2150E333-8FDC-42A3-9474-1A3956D46DE8}") = "Integraiton Test", "Integraiton Test", "{03098BF8-5635-4850-8F28-8251C5E4A951}"
EndProject
Project("{FAE04EC0-301F-11D3-BF4B-00C04F79EFBC}") = "HG.Ecommerce.Dashboard", "HG.Ecommerce.Dashboard\HG.Ecommerce.Dashboard.csproj", "{F3865365-EABD-424D-9E11-4B119B5BBA2D}"
EndProject
Project("{54A90642-561A-4BB1-A94E-469ADEE60C69}") = "HG.Ecommerce.Client", "HG.Ecommerce.Client\HG.Ecommerce.Client.esproj", "{D98D65B4-4EC4-4226-25AF-A05CC01AD978}"
EndProject
Global
	GlobalSection(SolutionConfigurationPlatforms) = preSolution
		Debug|Any CPU = Debug|Any CPU
		Release|Any CPU = Release|Any CPU
	EndGlobalSection
	GlobalSection(ProjectConfigurationPlatforms) = postSolution
		{74DF2829-3B51-49CA-B093-A2B8F45C8AD3}.Debug|Any CPU.ActiveCfg = Debug|Any CPU
		{74DF2829-3B51-49CA-B093-A2B8F45C8AD3}.Debug|Any CPU.Build.0 = Debug|Any CPU
		{74DF2829-3B51-49CA-B093-A2B8F45C8AD3}.Release|Any CPU.ActiveCfg = Release|Any CPU
		{74DF2829-3B51-49CA-B093-A2B8F45C8AD3}.Release|Any CPU.Build.0 = Release|Any CPU
		{F85965EB-72F8-4757-83E5-5814D86EDFAD}.Debug|Any CPU.ActiveCfg = Debug|Any CPU
		{F85965EB-72F8-4757-83E5-5814D86EDFAD}.Debug|Any CPU.Build.0 = Debug|Any CPU
		{F85965EB-72F8-4757-83E5-5814D86EDFAD}.Release|Any CPU.ActiveCfg = Release|Any CPU
		{F85965EB-72F8-4757-83E5-5814D86EDFAD}.Release|Any CPU.Build.0 = Release|Any CPU
		{B3B13CB2-768D-4A71-888C-5564CBF92474}.Debug|Any CPU.ActiveCfg = Debug|Any CPU
		{B3B13CB2-768D-4A71-888C-5564CBF92474}.Debug|Any CPU.Build.0 = Debug|Any CPU
		{B3B13CB2-768D-4A71-888C-5564CBF92474}.Release|Any CPU.ActiveCfg = Release|Any CPU
		{B3B13CB2-768D-4A71-888C-5564CBF92474}.Release|Any CPU.Build.0 = Release|Any CPU
		{11C6C693-266B-4E89-B559-93604182DA28}.Debug|Any CPU.ActiveCfg = Debug|Any CPU
		{11C6C693-266B-4E89-B559-93604182DA28}.Debug|Any CPU.Build.0 = Debug|Any CPU
		{11C6C693-266B-4E89-B559-93604182DA28}.Release|Any CPU.ActiveCfg = Release|Any CPU
		{11C6C693-266B-4E89-B559-93604182DA28}.Release|Any CPU.Build.0 = Release|Any CPU
		{A575C56B-275A-48AF-97A7-77876701D655}.Debug|Any CPU.ActiveCfg = Debug|Any CPU
		{A575C56B-275A-48AF-97A7-77876701D655}.Debug|Any CPU.Build.0 = Debug|Any CPU
		{A575C56B-275A-48AF-97A7-77876701D655}.Release|Any CPU.ActiveCfg = Release|Any CPU
		{A575C56B-275A-48AF-97A7-77876701D655}.Release|Any CPU.Build.0 = Release|Any CPU
		{A4E503C6-CD51-433D-A620-0EE0401B05D1}.Debug|Any CPU.ActiveCfg = Debug|Any CPU
		{A4E503C6-CD51-433D-A620-0EE0401B05D1}.Debug|Any CPU.Build.0 = Debug|Any CPU
		{A4E503C6-CD51-433D-A620-0EE0401B05D1}.Release|Any CPU.ActiveCfg = Release|Any CPU
		{A4E503C6-CD51-433D-A620-0EE0401B05D1}.Release|Any CPU.Build.0 = Release|Any CPU
		{1628A86D-114E-4DDB-BF9D-3DC6DE7E4A5A}.Debug|Any CPU.ActiveCfg = Debug|Any CPU
		{1628A86D-114E-4DDB-BF9D-3DC6DE7E4A5A}.Debug|Any CPU.Build.0 = Debug|Any CPU
		{1628A86D-114E-4DDB-BF9D-3DC6DE7E4A5A}.Release|Any CPU.ActiveCfg = Release|Any CPU
		{1628A86D-114E-4DDB-BF9D-3DC6DE7E4A5A}.Release|Any CPU.Build.0 = Release|Any CPU
		{F3865365-EABD-424D-9E11-4B119B5BBA2D}.Debug|Any CPU.ActiveCfg = Debug|Any CPU
		{F3865365-EABD-424D-9E11-4B119B5BBA2D}.Debug|Any CPU.Build.0 = Debug|Any CPU
		{F3865365-EABD-424D-9E11-4B119B5BBA2D}.Release|Any CPU.ActiveCfg = Release|Any CPU
		{F3865365-EABD-424D-9E11-4B119B5BBA2D}.Release|Any CPU.Build.0 = Release|Any CPU
		{D98D65B4-4EC4-4226-25AF-A05CC01AD978}.Debug|Any CPU.ActiveCfg = Debug|Any CPU
		{D98D65B4-4EC4-4226-25AF-A05CC01AD978}.Debug|Any CPU.Build.0 = Debug|Any CPU
		{D98D65B4-4EC4-4226-25AF-A05CC01AD978}.Debug|Any CPU.Deploy.0 = Debug|Any CPU
		{D98D65B4-4EC4-4226-25AF-A05CC01AD978}.Release|Any CPU.ActiveCfg = Release|Any CPU
		{D98D65B4-4EC4-4226-25AF-A05CC01AD978}.Release|Any CPU.Build.0 = Release|Any CPU
		{D98D65B4-4EC4-4226-25AF-A05CC01AD978}.Release|Any CPU.Deploy.0 = Release|Any CPU
	EndGlobalSection
	GlobalSection(SolutionProperties) = preSolution
		HideSolutionNode = FALSE
	EndGlobalSection
	GlobalSection(NestedProjects) = preSolution
		{227DAC2F-F21E-41B2-99E3-278C567AA9C0} = {02EA681E-C7D8-13C7-8484-4AC65E1B71E8}
		{4135DA36-964D-4375-A71B-3C3869D5C52F} = {02EA681E-C7D8-13C7-8484-4AC65E1B71E8}
		{B651221A-9485-45CB-8102-689E5BE4A82B} = {02EA681E-C7D8-13C7-8484-4AC65E1B71E8}
		{8E37FF57-76B1-4472-9EE5-0872A41FA5A1} = {02EA681E-C7D8-13C7-8484-4AC65E1B71E8}
		{74DF2829-3B51-49CA-B093-A2B8F45C8AD3} = {4135DA36-964D-4375-A71B-3C3869D5C52F}
		{F85965EB-72F8-4757-83E5-5814D86EDFAD} = {4135DA36-964D-4375-A71B-3C3869D5C52F}
		{B3B13CB2-768D-4A71-888C-5564CBF92474} = {4135DA36-964D-4375-A71B-3C3869D5C52F}
		{11C6C693-266B-4E89-B559-93604182DA28} = {B651221A-9485-45CB-8102-689E5BE4A82B}
		{A575C56B-275A-48AF-97A7-77876701D655} = {B651221A-9485-45CB-8102-689E5BE4A82B}
		{A4E503C6-CD51-433D-A620-0EE0401B05D1} = {227DAC2F-F21E-41B2-99E3-278C567AA9C0}
		{1628A86D-114E-4DDB-BF9D-3DC6DE7E4A5A} = {227DAC2F-F21E-41B2-99E3-278C567AA9C0}
		{0412A0B9-CA1B-49C3-92D5-E11BEBA2A813} = {8E37FF57-76B1-4472-9EE5-0872A41FA5A1}
		{46CD586F-77AC-4F2A-A98F-BBADF836E63D} = {8E37FF57-76B1-4472-9EE5-0872A41FA5A1}
		{8F03964F-A8F4-4971-B9C1-6FB1AFB3E130} = {1ED1A4A1-CB58-4749-8221-89D30299F6A0}
		{03098BF8-5635-4850-8F28-8251C5E4A951} = {1ED1A4A1-CB58-4749-8221-89D30299F6A0}
		{F3865365-EABD-424D-9E11-4B119B5BBA2D} = {0412A0B9-CA1B-49C3-92D5-E11BEBA2A813}
		{D98D65B4-4EC4-4226-25AF-A05CC01AD978} = {46CD586F-77AC-4F2A-A98F-BBADF836E63D}
	EndGlobalSection
	GlobalSection(ExtensibilityGlobals) = postSolution
		SolutionGuid = {BFE3D67B-C573-46D5-869F-4FCFF6264908}
	EndGlobalSection
EndGlobal
